// !$*UTF8*$!
{
	archiveVersion = 1;
	classes = {
	};
	objectVersion = 56;
	objects = {

/* Begin PBXBuildFile section */
		D72335722F21BF0600188F7D /* kern_panic.c in Sources */ = {isa = PBXBuildFile; fileRef = D72335712F21BF0600188F7D /* kern_panic.c */; };
		D75B07E52F219EDC00C85EC5 /* Peepo Watch App.app in Embed Watch Content */ = {isa = PBXBuildFile; fileRef = D75B07E42F219EDC00C85EC5 /* Peepo Watch App.app */; settings = {ATTRIBUTES = (RemoveHeadersOnCopy, ); }; };
		D75B07EA2F219EDC00C85EC5 /* PeepoApp.swift in Sources */ = {isa = PBXBuildFile; fileRef = D75B07E92F219EDC00C85EC5 /* PeepoApp.swift */; };
		D75B07EC2F219EDC00C85EC5 /* ContentView.swift in Sources */ = {isa = PBXBuildFile; fileRef = D75B07EB2F219EDC00C85EC5 /* ContentView.swift */; };
		D75B07EE2F219EDE00C85EC5 /* Assets.xcassets in Resources */ = {isa = PBXBuildFile; fileRef = D75B07ED2F219EDE00C85EC5 /* Assets.xcassets */; };
		D75B07F12F219EDE00C85EC5 /* Preview Assets.xcassets in Resources */ = {isa = PBXBuildFile; fileRef = D75B07F02F219EDE00C85EC5 /* Preview Assets.xcassets */; };
		D75B07FB2F219EDE00C85EC5 /* Peepo_Watch_AppTests.swift in Sources */ = {isa = PBXBuildFile; fileRef = D75B07FA2F219EDE00C85EC5 /* Peepo_Watch_AppTests.swift */; };
		D75B08052F219EDE00C85EC5 /* Peepo_Watch_AppUITests.swift in Sources */ = {isa = PBXBuildFile; fileRef = D75B08042F219EDE00C85EC5 /* Peepo_Watch_AppUITests.swift */; };
		D75B08072F219EDE00C85EC5 /* Peepo_Watch_AppUITestsLaunchTests.swift in Sources */ = {isa = PBXBuildFile; fileRef = D75B08062F219EDE00C85EC5 /* Peepo_Watch_AppUITestsLaunchTests.swift */; };
		D7826D8D2F247EA8002C443B /* syscall_fakes.c in Sources */ = {isa = PBXBuildFile; fileRef = D7826D8C2F247EA8002C443B /* syscall_fakes.c */; };
		D7935E962F258E6900D8EE50 /* kern_exerciser.c in Sources */ = {isa = PBXBuildFile; fileRef = D7935E952F258E6900D8EE50 /* kern_exerciser.c */; };
		D7975EB62F2512B4008EA00B /* ConsoleBuffer.swift in Sources */ = {isa = PBXBuildFile; fileRef = D7975EB52F2512B4008EA00B /* ConsoleBuffer.swift */; };
		D7AD8C4D2F2472BA00E4E47F /* ConsoleView.swift in Sources */ = {isa = PBXBuildFile; fileRef = D7AD8C4C2F2472BA00E4E47F /* ConsoleView.swift */; };
		D7AD8C4F2F2472EB00E4E47F /* ConsoleBridge.swift in Sources */ = {isa = PBXBuildFile; fileRef = D7AD8C4E2F2472EB00E4E47F /* ConsoleBridge.swift */; };
/* End PBXBuildFile section */

/* Begin PBXContainerItemProxy section */
		D75B07E62F219EDC00C85EC5 /* PBXContainerItemProxy */ = {
			isa = PBXContainerItemProxy;
			containerPortal = D75B07D82F219EDC00C85EC5 /* Project object */;
			proxyType = 1;
			remoteGlobalIDString = D75B07E32F219EDC00C85EC5;
			remoteInfo = "Peepo Watch App";
		};
		D75B07F72F219EDE00C85EC5 /* PBXContainerItemProxy */ = {
			isa = PBXContainerItemProxy;
			containerPortal = D75B07D82F219EDC00C85EC5 /* Project object */;
			proxyType = 1;
			remoteGlobalIDString = D75B07E32F219EDC00C85EC5;
			remoteInfo = "Peepo Watch App";
		};
		D75B08012F219EDE00C85EC5 /* PBXContainerItemProxy */ = {
			isa = PBXContainerItemProxy;
			containerPortal = D75B07D82F219EDC00C85EC5 /* Project object */;
			proxyType = 1;
			remoteGlobalIDString = D75B07E32F219EDC00C85EC5;
			remoteInfo = "Peepo Watch App";
		};
/* End PBXContainerItemProxy section */

/* Begin PBXCopyFilesBuildPhase section */
		D75B080D2F219EDE00C85EC5 /* Embed Watch Content */ = {
			isa = PBXCopyFilesBuildPhase;
			buildActionMask = 2147483647;
			dstPath = "$(CONTENTS_FOLDER_PATH)/Watch";
			dstSubfolderSpec = 16;
			files = (
				D75B07E52F219EDC00C85EC5 /* Peepo Watch App.app in Embed Watch Content */,
			);
			name = "Embed Watch Content";
			runOnlyForDeploymentPostprocessing = 0;
		};
/* End PBXCopyFilesBuildPhase section */

/* Begin PBXFileReference section */
		D723356F2F21BF0500188F7D /* Peepo Watch App-Bridging-Header.h */ = {isa = PBXFileReference; lastKnownFileType = sourcecode.c.h; path = "Peepo Watch App-Bridging-Header.h"; sourceTree = "<group>"; };
		D72335702F21BF0600188F7D /* kern_panic.h */ = {isa = PBXFileReference; lastKnownFileType = sourcecode.c.h; path = kern_panic.h; sourceTree = "<group>"; };
		D72335712F21BF0600188F7D /* kern_panic.c */ = {isa = PBXFileReference; lastKnownFileType = sourcecode.c.c; path = kern_panic.c; sourceTree = "<group>"; };
		D756581B2F247B710007E04F /* libkfd.h */ = {isa = PBXFileReference; fileEncoding = 4; lastKnownFileType = sourcecode.c.h; name = libkfd.h; path = ../../../Development/kfd/kfd/libkfd.h; sourceTree = "<group>"; };
		D75B07DE2F219EDC00C85EC5 /* Peepo.app */ = {isa = PBXFileReference; explicitFileType = wrapper.application; includeInIndex = 0; path = Peepo.app; sourceTree = BUILT_PRODUCTS_DIR; };
		D75B07E42F219EDC00C85EC5 /* Peepo Watch App.app */ = {isa = PBXFileReference; explicitFileType = wrapper.application; includeInIndex = 0; path = "Peepo Watch App.app"; sourceTree = BUILT_PRODUCTS_DIR; };
		D75B07E92F219EDC00C85EC5 /* PeepoApp.swift */ = {isa = PBXFileReference; lastKnownFileType = sourcecode.swift; path = PeepoApp.swift; sourceTree = "<group>"; };
		D75B07EB2F219EDC00C85EC5 /* ContentView.swift */ = {isa = PBXFileReference; lastKnownFileType = sourcecode.swift; path = ContentView.swift; sourceTree = "<group>"; };
		D75B07ED2F219EDE00C85EC5 /* Assets.xcassets */ = {isa = PBXFileReference; lastKnownFileType = folder.assetcatalog; path = Assets.xcassets; sourceTree = "<group>"; };
		D75B07F02F219EDE00C85EC5 /* Preview Assets.xcassets */ = {isa = PBXFileReference; lastKnownFileType = folder.assetcatalog; path = "Preview Assets.xcassets"; sourceTree = "<group>"; };
		D75B07F62F219EDE00C85EC5 /* Peepo Watch AppTests.xctest */ = {isa = PBXFileReference; explicitFileType = wrapper.cfbundle; includeInIndex = 0; path = "Peepo Watch AppTests.xctest"; sourceTree = BUILT_PRODUCTS_DIR; };
		D75B07FA2F219EDE00C85EC5 /* Peepo_Watch_AppTests.swift */ = {isa = PBXFileReference; lastKnownFileType = sourcecode.swift; path = Peepo_Watch_AppTests.swift; sourceTree = "<group>"; };
		D75B08002F219EDE00C85EC5 /* Peepo Watch AppUITests.xctest */ = {isa = PBXFileReference; explicitFileType = wrapper.cfbundle; includeInIndex = 0; path = "Peepo Watch AppUITests.xctest"; sourceTree = BUILT_PRODUCTS_DIR; };
		D75B08042F219EDE00C85EC5 /* Peepo_Watch_AppUITests.swift */ = {isa = PBXFileReference; lastKnownFileType = sourcecode.swift; path = Peepo_Watch_AppUITests.swift; sourceTree = "<group>"; };
		D75B08062F219EDE00C85EC5 /* Peepo_Watch_AppUITestsLaunchTests.swift */ = {isa = PBXFileReference; lastKnownFileType = sourcecode.swift; path = Peepo_Watch_AppUITestsLaunchTests.swift; sourceTree = "<group>"; };
		D7826D7D2F247C53002C443B /* info.h */ = {isa = PBXFileReference; fileEncoding = 4; lastKnownFileType = sourcecode.c.h; path = info.h; sourceTree = "<group>"; };
		D7826D7E2F247C53002C443B /* perf.h */ = {isa = PBXFileReference; fileEncoding = 4; lastKnownFileType = sourcecode.c.h; path = perf.h; sourceTree = "<group>"; };
		D7826D7F2F247C53002C443B /* krkw.h */ = {isa = PBXFileReference; fileEncoding = 4; lastKnownFileType = sourcecode.c.h; path = krkw.h; sourceTree = "<group>"; };
		D7826D802F247C53002C443B /* puaf.h */ = {isa = PBXFileReference; fileEncoding = 4; lastKnownFileType = sourcecode.c.h; path = puaf.h; sourceTree = "<group>"; };
		D7826D812F247C7E002C443B /* static_info.h */ = {isa = PBXFileReference; fileEncoding = 4; lastKnownFileType = sourcecode.c.h; path = static_info.h; sourceTree = "<group>"; };
		D7826D822F247C7E002C443B /* dynamic_info.h */ = {isa = PBXFileReference; fileEncoding = 4; lastKnownFileType = sourcecode.c.h; path = dynamic_info.h; sourceTree = "<group>"; };
		D7826D832F247DC5002C443B /* kread_kqueue_workloop_ctl.h */ = {isa = PBXFileReference; fileEncoding = 4; lastKnownFileType = sourcecode.c.h; path = kread_kqueue_workloop_ctl.h; sourceTree = "<group>"; };
		D7826D842F247DC5002C443B /* kread_sem_open.h */ = {isa = PBXFileReference; fileEncoding = 4; lastKnownFileType = sourcecode.c.h; path = kread_sem_open.h; sourceTree = "<group>"; };
		D7826D852F247DCF002C443B /* kwrite_dup.h */ = {isa = PBXFileReference; fileEncoding = 4; lastKnownFileType = sourcecode.c.h; path = kwrite_dup.h; sourceTree = "<group>"; };
		D7826D862F247DCF002C443B /* kwrite_sem_open.h */ = {isa = PBXFileReference; fileEncoding = 4; lastKnownFileType = sourcecode.c.h; path = kwrite_sem_open.h; sourceTree = "<group>"; };
		D7826D872F247DDA002C443B /* landa.h */ = {isa = PBXFileReference; fileEncoding = 4; lastKnownFileType = sourcecode.c.h; path = landa.h; sourceTree = "<group>"; };
		D7826D882F247DDA002C443B /* physpuppet.h */ = {isa = PBXFileReference; fileEncoding = 4; lastKnownFileType = sourcecode.c.h; path = physpuppet.h; sourceTree = "<group>"; };
		D7826D892F247DDA002C443B /* smith.h */ = {isa = PBXFileReference; fileEncoding = 4; lastKnownFileType = sourcecode.c.h; path = smith.h; sourceTree = "<group>"; };
		D7826D8A2F247E7A002C443B /* common.h */ = {isa = PBXFileReference; fileEncoding = 4; lastKnownFileType = sourcecode.c.h; path = common.h; sourceTree = "<group>"; };
		D7826D8B2F247E97002C443B /* syscall_fakes.h */ = {isa = PBXFileReference; lastKnownFileType = sourcecode.c.h; path = syscall_fakes.h; sourceTree = "<group>"; };
		D7826D8C2F247EA8002C443B /* syscall_fakes.c */ = {isa = PBXFileReference; lastKnownFileType = sourcecode.c.c; path = syscall_fakes.c; sourceTree = "<group>"; };
		D7935E942F258E6900D8EE50 /* kern_exerciser.h */ = {isa = PBXFileReference; lastKnownFileType = sourcecode.c.h; path = kern_exerciser.h; sourceTree = "<group>"; };
		D7935E952F258E6900D8EE50 /* kern_exerciser.c */ = {isa = PBXFileReference; lastKnownFileType = sourcecode.c.c; path = kern_exerciser.c; sourceTree = "<group>"; };
		D7975EB52F2512B4008EA00B /* ConsoleBuffer.swift */ = {isa = PBXFileReference; lastKnownFileType = sourcecode.swift; path = ConsoleBuffer.swift; sourceTree = "<group>"; };
		D7AD8C4C2F2472BA00E4E47F /* ConsoleView.swift */ = {isa = PBXFileReference; lastKnownFileType = sourcecode.swift; path = ConsoleView.swift; sourceTree = "<group>"; };
		D7AD8C4E2F2472EB00E4E47F /* ConsoleBridge.swift */ = {isa = PBXFileReference; lastKnownFileType = sourcecode.swift; path = ConsoleBridge.swift; sourceTree = "<group>"; };
/* End PBXFileReference section */

/* Begin PBXFrameworksBuildPhase section */
		D75B07E12F219EDC00C85EC5 /* Frameworks */ = {
			isa = PBXFrameworksBuildPhase;
			buildActionMask = 2147483647;
			files = (
			);
			runOnlyForDeploymentPostprocessing = 0;
		};
		D75B07F32F219EDE00C85EC5 /* Frameworks */ = {
			isa = PBXFrameworksBuildPhase;
			buildActionMask = 2147483647;
			files = (
			);
			runOnlyForDeploymentPostprocessing = 0;
		};
		D75B07FD2F219EDE00C85EC5 /* Frameworks */ = {
			isa = PBXFrameworksBuildPhase;
			buildActionMask = 2147483647;
			files = (
			);
			runOnlyForDeploymentPostprocessing = 0;
		};
/* End PBXFrameworksBuildPhase section */

/* Begin PBXGroup section */
		D75658152F247B540007E04F /* info */ = {
			isa = PBXGroup;
			children = (
				D7826D822F247C7E002C443B /* dynamic_info.h */,
				D7826D812F247C7E002C443B /* static_info.h */,
			);
			path = info;
			sourceTree = "<group>";
		};
		D75658162F247B540007E04F /* kread */ = {
			isa = PBXGroup;
			children = (
				D7826D832F247DC5002C443B /* kread_kqueue_workloop_ctl.h */,
				D7826D842F247DC5002C443B /* kread_sem_open.h */,
			);
			path = kread;
			sourceTree = "<group>";
		};
		D75658172F247B540007E04F /* kwrite */ = {
			isa = PBXGroup;
			children = (
				D7826D852F247DCF002C443B /* kwrite_dup.h */,
				D7826D862F247DCF002C443B /* kwrite_sem_open.h */,
			);
			path = kwrite;
			sourceTree = "<group>";
		};
		D75658182F247B540007E04F /* krkw */ = {
			isa = PBXGroup;
			children = (
				D75658162F247B540007E04F /* kread */,
				D75658172F247B540007E04F /* kwrite */,
			);
			path = krkw;
			sourceTree = "<group>";
		};
		D75658192F247B540007E04F /* puaf */ = {
			isa = PBXGroup;
			children = (
				D7826D872F247DDA002C443B /* landa.h */,
				D7826D882F247DDA002C443B /* physpuppet.h */,
				D7826D892F247DDA002C443B /* smith.h */,
			);
			path = puaf;
			sourceTree = "<group>";
		};
		D756581A2F247B540007E04F /* libkfd */ = {
			isa = PBXGroup;
			children = (
				D7826D8A2F247E7A002C443B /* common.h */,
				D7826D7D2F247C53002C443B /* info.h */,
				D7826D7F2F247C53002C443B /* krkw.h */,
				D7826D7E2F247C53002C443B /* perf.h */,
				D7826D802F247C53002C443B /* puaf.h */,
				D75658152F247B540007E04F /* info */,
				D75658182F247B540007E04F /* krkw */,
				D75658192F247B540007E04F /* puaf */,
				D7826D8B2F247E97002C443B /* syscall_fakes.h */,
				D7826D8C2F247EA8002C443B /* syscall_fakes.c */,
			);
			name = libkfd;
			path = ../../../Development/kfd/kfd/libkfd;
			sourceTree = "<group>";
		};
		D75B07D72F219EDC00C85EC5 = {
			isa = PBXGroup;
			children = (
				D75B07E82F219EDC00C85EC5 /* Peepo Watch App */,
				D75B07F92F219EDE00C85EC5 /* Peepo Watch AppTests */,
				D75B08032F219EDE00C85EC5 /* Peepo Watch AppUITests */,
				D75B07DF2F219EDC00C85EC5 /* Products */,
			);
			sourceTree = "<group>";
		};
		D75B07DF2F219EDC00C85EC5 /* Products */ = {
			isa = PBXGroup;
			children = (
				D75B07DE2F219EDC00C85EC5 /* Peepo.app */,
				D75B07E42F219EDC00C85EC5 /* Peepo Watch App.app */,
				D75B07F62F219EDE00C85EC5 /* Peepo Watch AppTests.xctest */,
				D75B08002F219EDE00C85EC5 /* Peepo Watch AppUITests.xctest */,
			);
			name = Products;
			sourceTree = "<group>";
		};
		D75B07E82F219EDC00C85EC5 /* Peepo Watch App */ = {
			isa = PBXGroup;
			children = (
				D756581B2F247B710007E04F /* libkfd.h */,
				D756581A2F247B540007E04F /* libkfd */,
				D75B07E92F219EDC00C85EC5 /* PeepoApp.swift */,
				D75B07EB2F219EDC00C85EC5 /* ContentView.swift */,
				D75B07ED2F219EDE00C85EC5 /* Assets.xcassets */,
				D75B07EF2F219EDE00C85EC5 /* Preview Content */,
				D72335702F21BF0600188F7D /* kern_panic.h */,
				D72335712F21BF0600188F7D /* kern_panic.c */,
				D723356F2F21BF0500188F7D /* Peepo Watch App-Bridging-Header.h */,
				D7AD8C4C2F2472BA00E4E47F /* ConsoleView.swift */,
				D7AD8C4E2F2472EB00E4E47F /* ConsoleBridge.swift */,
				D7975EB52F2512B4008EA00B /* ConsoleBuffer.swift */,
				D7935E942F258E6900D8EE50 /* kern_exerciser.h */,
				D7935E952F258E6900D8EE50 /* kern_exerciser.c */,
			);
			path = "Peepo Watch App";
			sourceTree = "<group>";
		};
		D75B07EF2F219EDE00C85EC5 /* Preview Content */ = {
			isa = PBXGroup;
			children = (
				D75B07F02F219EDE00C85EC5 /* Preview Assets.xcassets */,
			);
			path = "Preview Content";
			sourceTree = "<group>";
		};
		D75B07F92F219EDE00C85EC5 /* Peepo Watch AppTests */ = {
			isa = PBXGroup;
			children = (
				D75B07FA2F219EDE00C85EC5 /* Peepo_Watch_AppTests.swift */,
			);
			path = "Peepo Watch AppTests";
			sourceTree = "<group>";
		};
		D75B08032F219EDE00C85EC5 /* Peepo Watch AppUITests */ = {
			isa = PBXGroup;
			children = (
				D75B08042F219EDE00C85EC5 /* Peepo_Watch_AppUITests.swift */,
				D75B08062F219EDE00C85EC5 /* Peepo_Watch_AppUITestsLaunchTests.swift */,
			);
			path = "Peepo Watch AppUITests";
			sourceTree = "<group>";
		};
/* End PBXGroup section */

/* Begin PBXNativeTarget section */
		D75B07DD2F219EDC00C85EC5 /* Peepo */ = {
			isa = PBXNativeTarget;
			buildConfigurationList = D75B080E2F219EDE00C85EC5 /* Build configuration list for PBXNativeTarget "Peepo" */;
			buildPhases = (
				D75B07DC2F219EDC00C85EC5 /* Resources */,
				D75B080D2F219EDE00C85EC5 /* Embed Watch Content */,
			);
			buildRules = (
			);
			dependencies = (
				D75B07E72F219EDC00C85EC5 /* PBXTargetDependency */,
			);
			name = Peepo;
			productName = Peepo;
			productReference = D75B07DE2F219EDC00C85EC5 /* Peepo.app */;
			productType = "com.apple.product-type.application.watchapp2-container";
		};
		D75B07E32F219EDC00C85EC5 /* Peepo Watch App */ = {
			isa = PBXNativeTarget;
			buildConfigurationList = D75B080A2F219EDE00C85EC5 /* Build configuration list for PBXNativeTarget "Peepo Watch App" */;
			buildPhases = (
				D75B07E02F219EDC00C85EC5 /* Sources */,
				D75B07E12F219EDC00C85EC5 /* Frameworks */,
				D75B07E22F219EDC00C85EC5 /* Resources */,
			);
			buildRules = (
			);
			dependencies = (
			);
			name = "Peepo Watch App";
			productName = "Peepo Watch App";
			productReference = D75B07E42F219EDC00C85EC5 /* Peepo Watch App.app */;
			productType = "com.apple.product-type.application";
		};
		D75B07F52F219EDE00C85EC5 /* Peepo Watch AppTests */ = {
			isa = PBXNativeTarget;
			buildConfigurationList = D75B08112F219EDE00C85EC5 /* Build configuration list for PBXNativeTarget "Peepo Watch AppTests" */;
			buildPhases = (
				D75B07F22F219EDE00C85EC5 /* Sources */,
				D75B07F32F219EDE00C85EC5 /* Frameworks */,
				D75B07F42F219EDE00C85EC5 /* Resources */,
			);
			buildRules = (
			);
			dependencies = (
				D75B07F82F219EDE00C85EC5 /* PBXTargetDependency */,
			);
			name = "Peepo Watch AppTests";
			productName = "Peepo Watch AppTests";
			productReference = D75B07F62F219EDE00C85EC5 /* Peepo Watch AppTests.xctest */;
			productType = "com.apple.product-type.bundle.unit-test";
		};
		D75B07FF2F219EDE00C85EC5 /* Peepo Watch AppUITests */ = {
			isa = PBXNativeTarget;
			buildConfigurationList = D75B08142F219EDE00C85EC5 /* Build configuration list for PBXNativeTarget "Peepo Watch AppUITests" */;
			buildPhases = (
				D75B07FC2F219EDE00C85EC5 /* Sources */,
				D75B07FD2F219EDE00C85EC5 /* Frameworks */,
				D75B07FE2F219EDE00C85EC5 /* Resources */,
			);
			buildRules = (
			);
			dependencies = (
				D75B08022F219EDE00C85EC5 /* PBXTargetDependency */,
			);
			name = "Peepo Watch AppUITests";
			productName = "Peepo Watch AppUITests";
			productReference = D75B08002F219EDE00C85EC5 /* Peepo Watch AppUITests.xctest */;
			productType = "com.apple.product-type.bundle.ui-testing";
		};
/* End PBXNativeTarget section */

/* Begin PBXProject section */
		D75B07D82F219EDC00C85EC5 /* Project object */ = {
			isa = PBXProject;
			attributes = {
				BuildIndependentTargetsInParallel = 1;
				LastSwiftUpdateCheck = 1530;
				LastUpgradeCheck = 1530;
				TargetAttributes = {
					D75B07DD2F219EDC00C85EC5 = {
						CreatedOnToolsVersion = 15.3;
					};
					D75B07E32F219EDC00C85EC5 = {
						CreatedOnToolsVersion = 15.3;
						LastSwiftMigration = 1530;
					};
					D75B07F52F219EDE00C85EC5 = {
						CreatedOnToolsVersion = 15.3;
						TestTargetID = D75B07E32F219EDC00C85EC5;
					};
					D75B07FF2F219EDE00C85EC5 = {
						CreatedOnToolsVersion = 15.3;
						TestTargetID = D75B07E32F219EDC00C85EC5;
					};
				};
			};
			buildConfigurationList = D75B07DB2F219EDC00C85EC5 /* Build configuration list for PBXProject "Peepo" */;
			compatibilityVersion = "Xcode 14.0";
			developmentRegion = en;
			hasScannedForEncodings = 0;
			knownRegions = (
				en,
				Base,
			);
			mainGroup = D75B07D72F219EDC00C85EC5;
			productRefGroup = D75B07DF2F219EDC00C85EC5 /* Products */;
			projectDirPath = "";
			projectRoot = "";
			targets = (
				D75B07DD2F219EDC00C85EC5 /* Peepo */,
				D75B07E32F219EDC00C85EC5 /* Peepo Watch App */,
				D75B07F52F219EDE00C85EC5 /* Peepo Watch AppTests */,
				D75B07FF2F219EDE00C85EC5 /* Peepo Watch AppUITests */,
			);
		};
/* End PBXProject section */

/* Begin PBXResourcesBuildPhase section */
		D75B07DC2F219EDC00C85EC5 /* Resources */ = {
			isa = PBXResourcesBuildPhase;
			buildActionMask = 2147483647;
			files = (
			);
			runOnlyForDeploymentPostprocessing = 0;
		};
		D75B07E22F219EDC00C85EC5 /* Resources */ = {
			isa = PBXResourcesBuildPhase;
			buildActionMask = 2147483647;
			files = (
				D75B07F12F219EDE00C85EC5 /* Preview Assets.xcassets in Resources */,
				D75B07EE2F219EDE00C85EC5 /* Assets.xcassets in Resources */,
			);
			runOnlyForDeploymentPostprocessing = 0;
		};
		D75B07F42F219EDE00C85EC5 /* Resources */ = {
			isa = PBXResourcesBuildPhase;
			buildActionMask = 2147483647;
			files = (
			);
			runOnlyForDeploymentPostprocessing = 0;
		};
		D75B07FE2F219EDE00C85EC5 /* Resources */ = {
			isa = PBXResourcesBuildPhase;
			buildActionMask = 2147483647;
			files = (
			);
			runOnlyForDeploymentPostprocessing = 0;
		};
/* End PBXResourcesBuildPhase section */

/* Begin PBXSourcesBuildPhase section */
		D75B07E02F219EDC00C85EC5 /* Sources */ = {
			isa = PBXSourcesBuildPhase;
			buildActionMask = 2147483647;
			files = (
				D72335722F21BF0600188F7D /* kern_panic.c in Sources */,
				D75B07EC2F219EDC00C85EC5 /* ContentView.swift in Sources */,
				D7935E962F258E6900D8EE50 /* kern_exerciser.c in Sources */,
				D7826D8D2F247EA8002C443B /* syscall_fakes.c in Sources */,
				D7AD8C4D2F2472BA00E4E47F /* ConsoleView.swift in Sources */,
				D7975EB62F2512B4008EA00B /* ConsoleBuffer.swift in Sources */,
				D75B07EA2F219EDC00C85EC5 /* PeepoApp.swift in Sources */,
				D7AD8C4F2F2472EB00E4E47F /* ConsoleBridge.swift in Sources */,
			);
			runOnlyForDeploymentPostprocessing = 0;
		};
		D75B07F22F219EDE00C85EC5 /* Sources */ = {
			isa = PBXSourcesBuildPhase;
			buildActionMask = 2147483647;
			files = (
				D75B07FB2F219EDE00C85EC5 /* Peepo_Watch_AppTests.swift in Sources */,
			);
			runOnlyForDeploymentPostprocessing = 0;
		};
		D75B07FC2F219EDE00C85EC5 /* Sources */ = {
			isa = PBXSourcesBuildPhase;
			buildActionMask = 2147483647;
			files = (
				D75B08072F219EDE00C85EC5 /* Peepo_Watch_AppUITestsLaunchTests.swift in Sources */,
				D75B08052F219EDE00C85EC5 /* Peepo_Watch_AppUITests.swift in Sources */,
			);
			runOnlyForDeploymentPostprocessing = 0;
		};
/* End PBXSourcesBuildPhase section */

/* Begin PBXTargetDependency section */
		D75B07E72F219EDC00C85EC5 /* PBXTargetDependency */ = {
			isa = PBXTargetDependency;
			target = D75B07E32F219EDC00C85EC5 /* Peepo Watch App */;
			targetProxy = D75B07E62F219EDC00C85EC5 /* PBXContainerItemProxy */;
		};
		D75B07F82F219EDE00C85EC5 /* PBXTargetDependency */ = {
			isa = PBXTargetDependency;
			target = D75B07E32F219EDC00C85EC5 /* Peepo Watch App */;
			targetProxy = D75B07F72F219EDE00C85EC5 /* PBXContainerItemProxy */;
		};
		D75B08022F219EDE00C85EC5 /* PBXTargetDependency */ = {
			isa = PBXTargetDependency;
			target = D75B07E32F219EDC00C85EC5 /* Peepo Watch App */;
			targetProxy = D75B08012F219EDE00C85EC5 /* PBXContainerItemProxy */;
		};
/* End PBXTargetDependency section */

/* Begin XCBuildConfiguration section */
		D75B08082F219EDE00C85EC5 /* Debug */ = {
			isa = XCBuildConfiguration;
			buildSettings = {
				ALWAYS_SEARCH_USER_PATHS = NO;
				ASSETCATALOG_COMPILER_GENERATE_SWIFT_ASSET_SYMBOL_EXTENSIONS = YES;
				CLANG_ANALYZER_NONNULL = YES;
				CLANG_ANALYZER_NUMBER_OBJECT_CONVERSION = YES_AGGRESSIVE;
				CLANG_CXX_LANGUAGE_STANDARD = "gnu++20";
				CLANG_ENABLE_MODULES = YES;
				CLANG_ENABLE_OBJC_ARC = YES;
				CLANG_ENABLE_OBJC_WEAK = YES;
				CLANG_WARN_BLOCK_CAPTURE_AUTORELEASING = YES;
				CLANG_WARN_BOOL_CONVERSION = YES;
				CLANG_WARN_COMMA = YES;
				CLANG_WARN_CONSTANT_CONVERSION = YES;
				CLANG_WARN_DEPRECATED_OBJC_IMPLEMENTATIONS = YES;
				CLANG_WARN_DIRECT_OBJC_ISA_USAGE = YES_ERROR;
				CLANG_WARN_DOCUMENTATION_COMMENTS = YES;
				CLANG_WARN_EMPTY_BODY = YES;
				CLANG_WARN_ENUM_CONVERSION = YES;
				CLANG_WARN_INFINITE_RECURSION = YES;
				CLANG_WARN_INT_CONVERSION = YES;
				CLANG_WARN_NON_LITERAL_NULL_CONVERSION = YES;
				CLANG_WARN_OBJC_IMPLICIT_RETAIN_SELF = YES;
				CLANG_WARN_OBJC_LITERAL_CONVERSION = YES;
				CLANG_WARN_OBJC_ROOT_CLASS = YES_ERROR;
				CLANG_WARN_QUOTED_INCLUDE_IN_FRAMEWORK_HEADER = YES;
				CLANG_WARN_RANGE_LOOP_ANALYSIS = YES;
				CLANG_WARN_STRICT_PROTOTYPES = YES;
				CLANG_WARN_SUSPICIOUS_MOVE = YES;
				CLANG_WARN_UNGUARDED_AVAILABILITY = YES_AGGRESSIVE;
				CLANG_WARN_UNREACHABLE_CODE = YES;
				CLANG_WARN__DUPLICATE_METHOD_MATCH = YES;
				COPY_PHASE_STRIP = NO;
				DEBUG_INFORMATION_FORMAT = dwarf;
				ENABLE_STRICT_OBJC_MSGSEND = YES;
				ENABLE_TESTABILITY = YES;
				ENABLE_USER_SCRIPT_SANDBOXING = YES;
				GCC_C_LANGUAGE_STANDARD = gnu17;
				GCC_DYNAMIC_NO_PIC = NO;
				GCC_NO_COMMON_BLOCKS = YES;
				GCC_OPTIMIZATION_LEVEL = 0;
				GCC_PREPROCESSOR_DEFINITIONS = (
					"DEBUG=1",
					"$(inherited)",
				);
				GCC_WARN_64_TO_32_BIT_CONVERSION = YES;
				GCC_WARN_ABOUT_RETURN_TYPE = YES_ERROR;
				GCC_WARN_UNDECLARED_SELECTOR = YES;
				GCC_WARN_UNINITIALIZED_AUTOS = YES_AGGRESSIVE;
				GCC_WARN_UNUSED_FUNCTION = YES;
				GCC_WARN_UNUSED_VARIABLE = YES;
				LOCALIZATION_PREFERS_STRING_CATALOGS = YES;
				MTL_ENABLE_DEBUG_INFO = INCLUDE_SOURCE;
				MTL_FAST_MATH = YES;
				ONLY_ACTIVE_ARCH = YES;
				SWIFT_ACTIVE_COMPILATION_CONDITIONS = "DEBUG $(inherited)";
				SWIFT_OPTIMIZATION_LEVEL = "-Onone";
			};
			name = Debug;
		};
		D75B08092F219EDE00C85EC5 /* Release */ = {
			isa = XCBuildConfiguration;
			buildSettings = {
				ALWAYS_SEARCH_USER_PATHS = NO;
				ASSETCATALOG_COMPILER_GENERATE_SWIFT_ASSET_SYMBOL_EXTENSIONS = YES;
				CLANG_ANALYZER_NONNULL = YES;
				CLANG_ANALYZER_NUMBER_OBJECT_CONVERSION = YES_AGGRESSIVE;
				CLANG_CXX_LANGUAGE_STANDARD = "gnu++20";
				CLANG_ENABLE_MODULES = YES;
				CLANG_ENABLE_OBJC_ARC = YES;
				CLANG_ENABLE_OBJC_WEAK = YES;
				CLANG_WARN_BLOCK_CAPTURE_AUTORELEASING = YES;
				CLANG_WARN_BOOL_CONVERSION = YES;
				CLANG_WARN_COMMA = YES;
				CLANG_WARN_CONSTANT_CONVERSION = YES;
				CLANG_WARN_DEPRECATED_OBJC_IMPLEMENTATIONS = YES;
				CLANG_WARN_DIRECT_OBJC_ISA_USAGE = YES_ERROR;
				CLANG_WARN_DOCUMENTATION_COMMENTS = YES;
				CLANG_WARN_EMPTY_BODY = YES;
				CLANG_WARN_ENUM_CONVERSION = YES;
				CLANG_WARN_INFINITE_RECURSION = YES;
				CLANG_WARN_INT_CONVERSION = YES;
				CLANG_WARN_NON_LITERAL_NULL_CONVERSION = YES;
				CLANG_WARN_OBJC_IMPLICIT_RETAIN_SELF = YES;
				CLANG_WARN_OBJC_LITERAL_CONVERSION = YES;
				CLANG_WARN_OBJC_ROOT_CLASS = YES_ERROR;
				CLANG_WARN_QUOTED_INCLUDE_IN_FRAMEWORK_HEADER = YES;
				CLANG_WARN_RANGE_LOOP_ANALYSIS = YES;
				CLANG_WARN_STRICT_PROTOTYPES = YES;
				CLANG_WARN_SUSPICIOUS_MOVE = YES;
				CLANG_WARN_UNGUARDED_AVAILABILITY = YES_AGGRESSIVE;
				CLANG_WARN_UNREACHABLE_CODE = YES;
				CLANG_WARN__DUPLICATE_METHOD_MATCH = YES;
				COPY_PHASE_STRIP = NO;
				DEBUG_INFORMATION_FORMAT = "dwarf-with-dsym";
				ENABLE_NS_ASSERTIONS = NO;
				ENABLE_STRICT_OBJC_MSGSEND = YES;
				ENABLE_USER_SCRIPT_SANDBOXING = YES;
				GCC_C_LANGUAGE_STANDARD = gnu17;
				GCC_NO_COMMON_BLOCKS = YES;
				GCC_WARN_64_TO_32_BIT_CONVERSION = YES;
				GCC_WARN_ABOUT_RETURN_TYPE = YES_ERROR;
				GCC_WARN_UNDECLARED_SELECTOR = YES;
				GCC_WARN_UNINITIALIZED_AUTOS = YES_AGGRESSIVE;
				GCC_WARN_UNUSED_FUNCTION = YES;
				GCC_WARN_UNUSED_VARIABLE = YES;
				LOCALIZATION_PREFERS_STRING_CATALOGS = YES;
				MTL_ENABLE_DEBUG_INFO = NO;
				MTL_FAST_MATH = YES;
				SWIFT_COMPILATION_MODE = wholemodule;
			};
			name = Release;
		};
		D75B080B2F219EDE00C85EC5 /* Debug */ = {
			isa = XCBuildConfiguration;
			buildSettings = {
				ASSETCATALOG_COMPILER_APPICON_NAME = AppIcon;
				ASSETCATALOG_COMPILER_GLOBAL_ACCENT_COLOR_NAME = AccentColor;
				CLANG_ENABLE_MODULES = YES;
				CODE_SIGN_STYLE = Automatic;
				CURRENT_PROJECT_VERSION = 1;
				DEVELOPMENT_ASSET_PATHS = "\"Peepo Watch App/Preview Content\"";
				DEVELOPMENT_TEAM = HD25MJR34V;
				ENABLE_PREVIEWS = YES;
				GENERATE_INFOPLIST_FILE = YES;
				INFOPLIST_KEY_CFBundleDisplayName = Peepo;
				INFOPLIST_KEY_UISupportedInterfaceOrientations = "UIInterfaceOrientationPortrait UIInterfaceOrientationPortraitUpsideDown";
				INFOPLIST_KEY_WKWatchOnly = YES;
				LD_RUNPATH_SEARCH_PATHS = (
					"$(inherited)",
					"@executable_path/Frameworks",
				);
				MARKETING_VERSION = 1.0;
				NEW_SETTING = "";
				"OTHER_LDFLAGS[arch=*]" = "-Wl,-v";
				PRODUCT_BUNDLE_IDENTIFIER = com.datalocaltmp.Peepo.watchkitapp;
				PRODUCT_NAME = "$(TARGET_NAME)";
				SDKROOT = watchos;
				SKIP_INSTALL = YES;
				SWIFT_EMIT_LOC_STRINGS = YES;
				SWIFT_OBJC_BRIDGING_HEADER = "Peepo Watch App/Peepo Watch App-Bridging-Header.h";
				SWIFT_OPTIMIZATION_LEVEL = "-Onone";
				SWIFT_VERSION = 5.0;
				TARGETED_DEVICE_FAMILY = 4;
				WATCHOS_DEPLOYMENT_TARGET = 10.4;
			};
			name = Debug;
		};
		D75B080C2F219EDE00C85EC5 /* Release */ = {
			isa = XCBuildConfiguration;
			buildSettings = {
				ASSETCATALOG_COMPILER_APPICON_NAME = AppIcon;
				ASSETCATALOG_COMPILER_GLOBAL_ACCENT_COLOR_NAME = AccentColor;
				CLANG_ENABLE_MODULES = YES;
				CODE_SIGN_STYLE = Automatic;
				CURRENT_PROJECT_VERSION = 1;
				DEVELOPMENT_ASSET_PATHS = "\"Peepo Watch App/Preview Content\"";
				DEVELOPMENT_TEAM = HD25MJR34V;
				ENABLE_PREVIEWS = YES;
				GENERATE_INFOPLIST_FILE = YES;
				INFOPLIST_KEY_CFBundleDisplayName = Peepo;
				INFOPLIST_KEY_UISupportedInterfaceOrientations = "UIInterfaceOrientationPortrait UIInterfaceOrientationPortraitUpsideDown";
				INFOPLIST_KEY_WKWatchOnly = YES;
				LD_RUNPATH_SEARCH_PATHS = (
					"$(inherited)",
					"@executable_path/Frameworks",
				);
				MARKETING_VERSION = 1.0;
				NEW_SETTING = "";
				"OTHER_LDFLAGS[arch=*]" = "-Wl,-v";
				PRODUCT_BUNDLE_IDENTIFIER = com.datalocaltmp.Peepo.watchkitapp;
				PRODUCT_NAME = "$(TARGET_NAME)";
				SDKROOT = watchos;
				SKIP_INSTALL = YES;
				SWIFT_EMIT_LOC_STRINGS = YES;
				SWIFT_OBJC_BRIDGING_HEADER = "Peepo Watch App/Peepo Watch App-Bridging-Header.h";
				SWIFT_VERSION = 5.0;
				TARGETED_DEVICE_FAMILY = 4;
				VALIDATE_PRODUCT = YES;
				WATCHOS_DEPLOYMENT_TARGET = 10.4;
			};
			name = Release;
		};
		D75B080F2F219EDE00C85EC5 /* Debug */ = {
			isa = XCBuildConfiguration;
			buildSettings = {
				ALWAYS_EMBED_SWIFT_STANDARD_LIBRARIES = YES;
				CODE_SIGN_STYLE = Automatic;
				CURRENT_PROJECT_VERSION = 1;
				DEVELOPMENT_TEAM = HD25MJR34V;
				INFOPLIST_KEY_CFBundleDisplayName = Peepo;
				MARKETING_VERSION = 1.0;
				PRODUCT_BUNDLE_IDENTIFIER = com.datalocaltmp.Peepo;
				PRODUCT_NAME = "$(TARGET_NAME)";
				SDKROOT = iphoneos;
				SWIFT_VERSION = 5.0;
			};
			name = Debug;
		};
		D75B08102F219EDE00C85EC5 /* Release */ = {
			isa = XCBuildConfiguration;
			buildSettings = {
				ALWAYS_EMBED_SWIFT_STANDARD_LIBRARIES = YES;
				CODE_SIGN_STYLE = Automatic;
				CURRENT_PROJECT_VERSION = 1;
				DEVELOPMENT_TEAM = HD25MJR34V;
				INFOPLIST_KEY_CFBundleDisplayName = Peepo;
				MARKETING_VERSION = 1.0;
				PRODUCT_BUNDLE_IDENTIFIER = com.datalocaltmp.Peepo;
				PRODUCT_NAME = "$(TARGET_NAME)";
				SDKROOT = iphoneos;
				SWIFT_VERSION = 5.0;
				VALIDATE_PRODUCT = YES;
			};
			name = Release;
		};
		D75B08122F219EDE00C85EC5 /* Debug */ = {
			isa = XCBuildConfiguration;
			buildSettings = {
				ALWAYS_EMBED_SWIFT_STANDARD_LIBRARIES = YES;
				BUNDLE_LOADER = "$(TEST_HOST)";
				CODE_SIGN_STYLE = Automatic;
				CURRENT_PROJECT_VERSION = 1;
				GENERATE_INFOPLIST_FILE = YES;
				MARKETING_VERSION = 1.0;
				PRODUCT_BUNDLE_IDENTIFIER = "com.datalocaltmp.Peepo-Watch-AppTests";
				PRODUCT_NAME = "$(TARGET_NAME)";
				SDKROOT = watchos;
				SWIFT_EMIT_LOC_STRINGS = NO;
				SWIFT_VERSION = 5.0;
				TARGETED_DEVICE_FAMILY = 4;
				TEST_HOST = "$(BUILT_PRODUCTS_DIR)/Peepo Watch App.app/$(BUNDLE_EXECUTABLE_FOLDER_PATH)/Peepo Watch App";
				WATCHOS_DEPLOYMENT_TARGET = 10.4;
			};
			name = Debug;
		};
		D75B08132F219EDE00C85EC5 /* Release */ = {
			isa = XCBuildConfiguration;
			buildSettings = {
				ALWAYS_EMBED_SWIFT_STANDARD_LIBRARIES = YES;
				BUNDLE_LOADER = "$(TEST_HOST)";
				CODE_SIGN_STYLE = Automatic;
				CURRENT_PROJECT_VERSION = 1;
				GENERATE_INFOPLIST_FILE = YES;
				MARKETING_VERSION = 1.0;
				PRODUCT_BUNDLE_IDENTIFIER = "com.datalocaltmp.Peepo-Watch-AppTests";
				PRODUCT_NAME = "$(TARGET_NAME)";
				SDKROOT = watchos;
				SWIFT_EMIT_LOC_STRINGS = NO;
				SWIFT_VERSION = 5.0;
				TARGETED_DEVICE_FAMILY = 4;
				TEST_HOST = "$(BUILT_PRODUCTS_DIR)/Peepo Watch App.app/$(BUNDLE_EXECUTABLE_FOLDER_PATH)/Peepo Watch App";
				VALIDATE_PRODUCT = YES;
				WATCHOS_DEPLOYMENT_TARGET = 10.4;
			};
			name = Release;
		};
		D75B08152F219EDE00C85EC5 /* Debug */ = {
			isa = XCBuildConfiguration;
			buildSettings = {
				ALWAYS_EMBED_SWIFT_STANDARD_LIBRARIES = YES;
				CODE_SIGN_STYLE = Automatic;
				CURRENT_PROJECT_VERSION = 1;
				GENERATE_INFOPLIST_FILE = YES;
				MARKETING_VERSION = 1.0;
				PRODUCT_BUNDLE_IDENTIFIER = "com.datalocaltmp.Peepo-Watch-AppUITests";
				PRODUCT_NAME = "$(TARGET_NAME)";
				SDKROOT = watchos;
				SWIFT_EMIT_LOC_STRINGS = NO;
				SWIFT_VERSION = 5.0;
				TARGETED_DEVICE_FAMILY = 4;
				TEST_TARGET_NAME = "Peepo Watch App";
				WATCHOS_DEPLOYMENT_TARGET = 10.4;
			};
			name = Debug;
		};
		D75B08162F219EDE00C85EC5 /* Release */ = {
			isa = XCBuildConfiguration;
			buildSettings = {
				ALWAYS_EMBED_SWIFT_STANDARD_LIBRARIES = YES;
				CODE_SIGN_STYLE = Automatic;
				CURRENT_PROJECT_VERSION = 1;
				GENERATE_INFOPLIST_FILE = YES;
				MARKETING_VERSION = 1.0;
				PRODUCT_BUNDLE_IDENTIFIER = "com.datalocaltmp.Peepo-Watch-AppUITests";
				PRODUCT_NAME = "$(TARGET_NAME)";
				SDKROOT = watchos;
				SWIFT_EMIT_LOC_STRINGS = NO;
				SWIFT_VERSION = 5.0;
				TARGETED_DEVICE_FAMILY = 4;
				TEST_TARGET_NAME = "Peepo Watch App";
				VALIDATE_PRODUCT = YES;
				WATCHOS_DEPLOYMENT_TARGET = 10.4;
			};
			name = Release;
		};
/* End XCBuildConfiguration section */

/* Begin XCConfigurationList section */
		D75B07DB2F219EDC00C85EC5 /* Build configuration list for PBXProject "Peepo" */ = {
			isa = XCConfigurationList;
			buildConfigurations = (
				D75B08082F219EDE00C85EC5 /* Debug */,
				D75B08092F219EDE00C85EC5 /* Release */,
			);
			defaultConfigurationIsVisible = 0;
			defaultConfigurationName = Release;
		};
		D75B080A2F219EDE00C85EC5 /* Build configuration list for PBXNativeTarget "Peepo Watch App" */ = {
			isa = XCConfigurationList;
			buildConfigurations = (
				D75B080B2F219EDE00C85EC5 /* Debug */,
				D75B080C2F219EDE00C85EC5 /* Release */,
			);
			defaultConfigurationIsVisible = 0;
			defaultConfigurationName = Release;
		};
		D75B080E2F219EDE00C85EC5 /* Build configuration list for PBXNativeTarget "Peepo" */ = {
			isa = XCConfigurationList;
			buildConfigurations = (
				D75B080F2F219EDE00C85EC5 /* Debug */,
				D75B08102F219EDE00C85EC5 /* Release */,
			);
			defaultConfigurationIsVisible = 0;
			defaultConfigurationName = Release;
		};
		D75B08112F219EDE00C85EC5 /* Build configuration list for PBXNativeTarget "Peepo Watch AppTests" */ = {
			isa = XCConfigurationList;
			buildConfigurations = (
				D75B08122F219EDE00C85EC5 /* Debug */,
				D75B08132F219EDE00C85EC5 /* Release */,
			);
			defaultConfigurationIsVisible = 0;
			defaultConfigurationName = Release;
		};
		D75B08142F219EDE00C85EC5 /* Build configuration list for PBXNativeTarget "Peepo Watch AppUITests" */ = {
			isa = XCConfigurationList;
			buildConfigurations = (
				D75B08152F219EDE00C85EC5 /* Debug */,
				D75B08162F219EDE00C85EC5 /* Release */,
			);
			defaultConfigurationIsVisible = 0;
			defaultConfigurationName = Release;
		};
/* End XCConfigurationList section */
	};
	rootObject = D75B07D82F219EDC00C85EC5 /* Project object */;
}
